// !$*UTF8*$!
{
	archiveVersion = 1;
	classes = {
	};
	objectVersion = 51;
	objects = {

/* Begin PBXBuildFile section */
		9EA36908245DA32C00F635E0 /* AppDelegate.swift in Sources */ = {isa = PBXBuildFile; fileRef = 9EA36907245DA32C00F635E0 /* AppDelegate.swift */; };
		9EA3690F245DA32E00F635E0 /* Assets.xcassets in Resources */ = {isa = PBXBuildFile; fileRef = 9EA3690E245DA32E00F635E0 /* Assets.xcassets */; };
		9EA36912245DA32E00F635E0 /* LaunchScreen.storyboard in Resources */ = {isa = PBXBuildFile; fileRef = 9EA36910245DA32E00F635E0 /* LaunchScreen.storyboard */; };
		9EA3691A245DAA7E00F635E0 /* GoogleService-Info.plist in Resources */ = {isa = PBXBuildFile; fileRef = 9EA36919245DAA7E00F635E0 /* GoogleService-Info.plist */; };
		9EA3691C245DAD6900F635E0 /* FirebaseHelper.swift in Sources */ = {isa = PBXBuildFile; fileRef = 9EA3691B245DAD6900F635E0 /* FirebaseHelper.swift */; };
		9EA36923245DBC3900F635E0 /* LoginViewController.swift in Sources */ = {isa = PBXBuildFile; fileRef = 9EA36922245DBC3900F635E0 /* LoginViewController.swift */; };
		9EA36925245DBC7000F635E0 /* SignUpViewController.swift in Sources */ = {isa = PBXBuildFile; fileRef = 9EA36924245DBC7000F635E0 /* SignUpViewController.swift */; };
		9EA36929245DC2BB00F635E0 /* HomeViewController.swift in Sources */ = {isa = PBXBuildFile; fileRef = 9EA36928245DC2BB00F635E0 /* HomeViewController.swift */; };
		9EA3692B245DCD8000F635E0 /* Main2.storyboard in Resources */ = {isa = PBXBuildFile; fileRef = 9EA3692A245DCD8000F635E0 /* Main2.storyboard */; };
		9EA3692D245DD35800F635E0 /* Utility.swift in Sources */ = {isa = PBXBuildFile; fileRef = 9EA3692C245DD35800F635E0 /* Utility.swift */; };
		F6C801B25488BB57C6BF864A /* Pods_NCIT.framework in Frameworks */ = {isa = PBXBuildFile; fileRef = 66859B5EBD082E07E9EF7989 /* Pods_NCIT.framework */; };
/* End PBXBuildFile section */

/* Begin PBXFileReference section */
		21862E5FD1E3F7F3F4145DE2 /* Pods-NCIT.debug.xcconfig */ = {isa = PBXFileReference; includeInIndex = 1; lastKnownFileType = text.xcconfig; name = "Pods-NCIT.debug.xcconfig"; path = "Target Support Files/Pods-NCIT/Pods-NCIT.debug.xcconfig"; sourceTree = "<group>"; };
		66859B5EBD082E07E9EF7989 /* Pods_NCIT.framework */ = {isa = PBXFileReference; explicitFileType = wrapper.framework; includeInIndex = 0; path = Pods_NCIT.framework; sourceTree = BUILT_PRODUCTS_DIR; };
		9EA36904245DA32C00F635E0 /* NCIT.app */ = {isa = PBXFileReference; explicitFileType = wrapper.application; includeInIndex = 0; path = NCIT.app; sourceTree = BUILT_PRODUCTS_DIR; };
		9EA36907245DA32C00F635E0 /* AppDelegate.swift */ = {isa = PBXFileReference; lastKnownFileType = sourcecode.swift; path = AppDelegate.swift; sourceTree = "<group>"; };
		9EA3690E245DA32E00F635E0 /* Assets.xcassets */ = {isa = PBXFileReference; lastKnownFileType = folder.assetcatalog; path = Assets.xcassets; sourceTree = "<group>"; };
		9EA36911245DA32E00F635E0 /* Base */ = {isa = PBXFileReference; lastKnownFileType = file.storyboard; name = Base; path = Base.lproj/LaunchScreen.storyboard; sourceTree = "<group>"; };
		9EA36913245DA32E00F635E0 /* Info.plist */ = {isa = PBXFileReference; lastKnownFileType = text.plist.xml; path = Info.plist; sourceTree = "<group>"; };
		9EA36919245DAA7E00F635E0 /* GoogleService-Info.plist */ = {isa = PBXFileReference; fileEncoding = 4; lastKnownFileType = text.plist.xml; name = "GoogleService-Info.plist"; path = "../../../../Downloads/GoogleService-Info.plist"; sourceTree = "<group>"; };
		9EA3691B245DAD6900F635E0 /* FirebaseHelper.swift */ = {isa = PBXFileReference; lastKnownFileType = sourcecode.swift; path = FirebaseHelper.swift; sourceTree = "<group>"; };
		9EA36922245DBC3900F635E0 /* LoginViewController.swift */ = {isa = PBXFileReference; lastKnownFileType = sourcecode.swift; path = LoginViewController.swift; sourceTree = "<group>"; };
		9EA36924245DBC7000F635E0 /* SignUpViewController.swift */ = {isa = PBXFileReference; lastKnownFileType = sourcecode.swift; path = SignUpViewController.swift; sourceTree = "<group>"; };
		9EA36928245DC2BB00F635E0 /* HomeViewController.swift */ = {isa = PBXFileReference; lastKnownFileType = sourcecode.swift; path = HomeViewController.swift; sourceTree = "<group>"; };
		9EA3692A245DCD8000F635E0 /* Main2.storyboard */ = {isa = PBXFileReference; lastKnownFileType = file.storyboard; path = Main2.storyboard; sourceTree = "<group>"; };
		9EA3692C245DD35800F635E0 /* Utility.swift */ = {isa = PBXFileReference; lastKnownFileType = sourcecode.swift; path = Utility.swift; sourceTree = "<group>"; };
		E6187CD16B679B5D900BE149 /* Pods-NCIT.release.xcconfig */ = {isa = PBXFileReference; includeInIndex = 1; lastKnownFileType = text.xcconfig; name = "Pods-NCIT.release.xcconfig"; path = "Target Support Files/Pods-NCIT/Pods-NCIT.release.xcconfig"; sourceTree = "<group>"; };
/* End PBXFileReference section */

/* Begin PBXFrameworksBuildPhase section */
		9EA36901245DA32C00F635E0 /* Frameworks */ = {
			isa = PBXFrameworksBuildPhase;
			buildActionMask = 2147483647;
			files = (
				F6C801B25488BB57C6BF864A /* Pods_NCIT.framework in Frameworks */,
			);
			runOnlyForDeploymentPostprocessing = 0;
		};
/* End PBXFrameworksBuildPhase section */

/* Begin PBXGroup section */
		4EB4EB00442210FFCEC413E7 /* Pods */ = {
			isa = PBXGroup;
			children = (
				21862E5FD1E3F7F3F4145DE2 /* Pods-NCIT.debug.xcconfig */,
				E6187CD16B679B5D900BE149 /* Pods-NCIT.release.xcconfig */,
			);
			path = Pods;
			sourceTree = "<group>";
		};
		805300E824C8EFBF347D5FD3 /* Frameworks */ = {
			isa = PBXGroup;
			children = (
				66859B5EBD082E07E9EF7989 /* Pods_NCIT.framework */,
			);
			name = Frameworks;
			sourceTree = "<group>";
		};
		9EA368FB245DA32C00F635E0 = {
			isa = PBXGroup;
			children = (
				9EA36906245DA32C00F635E0 /* NCIT */,
				9EA36905245DA32C00F635E0 /* Products */,
				4EB4EB00442210FFCEC413E7 /* Pods */,
				805300E824C8EFBF347D5FD3 /* Frameworks */,
			);
			sourceTree = "<group>";
		};
		9EA36905245DA32C00F635E0 /* Products */ = {
			isa = PBXGroup;
			children = (
				9EA36904245DA32C00F635E0 /* NCIT.app */,
			);
			name = Products;
			sourceTree = "<group>";
		};
		9EA36906245DA32C00F635E0 /* NCIT */ = {
			isa = PBXGroup;
			children = (
				9EA36907245DA32C00F635E0 /* AppDelegate.swift */,
				9EA3690E245DA32E00F635E0 /* Assets.xcassets */,
				9EA36910245DA32E00F635E0 /* LaunchScreen.storyboard */,
				9EA36913245DA32E00F635E0 /* Info.plist */,
				9EA36919245DAA7E00F635E0 /* GoogleService-Info.plist */,
				9EA3691B245DAD6900F635E0 /* FirebaseHelper.swift */,
				9EA3691F245DBBCB00F635E0 /* ViewControllers */,
				9EA3692A245DCD8000F635E0 /* Main2.storyboard */,
				9EA3692C245DD35800F635E0 /* Utility.swift */,
			);
			path = NCIT;
			sourceTree = "<group>";
		};
		9EA3691F245DBBCB00F635E0 /* ViewControllers */ = {
			isa = PBXGroup;
			children = (
				9EA36922245DBC3900F635E0 /* LoginViewController.swift */,
				9EA36924245DBC7000F635E0 /* SignUpViewController.swift */,
				9EA36928245DC2BB00F635E0 /* HomeViewController.swift */,
			);
			path = ViewControllers;
			sourceTree = "<group>";
		};
/* End PBXGroup section */

/* Begin PBXNativeTarget section */
		9EA36903245DA32C00F635E0 /* NCIT */ = {
			isa = PBXNativeTarget;
			buildConfigurationList = 9EA36916245DA32E00F635E0 /* Build configuration list for PBXNativeTarget "NCIT" */;
			buildPhases = (
				66F8C6F215136F5E5A47BCFB /* [CP] Check Pods Manifest.lock */,
				9EA36900245DA32C00F635E0 /* Sources */,
				9EA36901245DA32C00F635E0 /* Frameworks */,
				9EA36902245DA32C00F635E0 /* Resources */,
				6FE1E1EF3C926A66D6883A0D /* [CP] Embed Pods Frameworks */,
				87F87CB540CE1FE97ED2DFEE /* [CP] Copy Pods Resources */,
			);
			buildRules = (
			);
			dependencies = (
			);
			name = NCIT;
			productName = NCIT;
			productReference = 9EA36904245DA32C00F635E0 /* NCIT.app */;
			productType = "com.apple.product-type.application";
		};
/* End PBXNativeTarget section */

/* Begin PBXProject section */
		9EA368FC245DA32C00F635E0 /* Project object */ = {
			isa = PBXProject;
			attributes = {
				LastSwiftUpdateCheck = 1010;
				LastUpgradeCheck = 1010;
				ORGANIZATIONNAME = "Matteo Bellinaso";
				TargetAttributes = {
					9EA36903245DA32C00F635E0 = {
						CreatedOnToolsVersion = 10.1;
					};
				};
			};
			buildConfigurationList = 9EA368FF245DA32C00F635E0 /* Build configuration list for PBXProject "NCIT" */;
			compatibilityVersion = "Xcode 9.3";
			developmentRegion = en;
			hasScannedForEncodings = 0;
			knownRegions = (
				en,
				Base,
			);
			mainGroup = 9EA368FB245DA32C00F635E0;
			productRefGroup = 9EA36905245DA32C00F635E0 /* Products */;
			projectDirPath = "";
			projectRoot = "";
			targets = (
				9EA36903245DA32C00F635E0 /* NCIT */,
			);
		};
/* End PBXProject section */

/* Begin PBXResourcesBuildPhase section */
		9EA36902245DA32C00F635E0 /* Resources */ = {
			isa = PBXResourcesBuildPhase;
			buildActionMask = 2147483647;
			files = (
				9EA36912245DA32E00F635E0 /* LaunchScreen.storyboard in Resources */,
				9EA3691A245DAA7E00F635E0 /* GoogleService-Info.plist in Resources */,
				9EA3690F245DA32E00F635E0 /* Assets.xcassets in Resources */,
				9EA3692B245DCD8000F635E0 /* Main2.storyboard in Resources */,
			);
			runOnlyForDeploymentPostprocessing = 0;
		};
/* End PBXResourcesBuildPhase section */

/* Begin PBXShellScriptBuildPhase section */
		66F8C6F215136F5E5A47BCFB /* [CP] Check Pods Manifest.lock */ = {
			isa = PBXShellScriptBuildPhase;
			buildActionMask = 2147483647;
			files = (
			);
			inputFileListPaths = (
			);
			inputPaths = (
				"${PODS_PODFILE_DIR_PATH}/Podfile.lock",
				"${PODS_ROOT}/Manifest.lock",
			);
			name = "[CP] Check Pods Manifest.lock";
			outputFileListPaths = (
			);
			outputPaths = (
				"$(DERIVED_FILE_DIR)/Pods-NCIT-checkManifestLockResult.txt",
			);
			runOnlyForDeploymentPostprocessing = 0;
			shellPath = /bin/sh;
			shellScript = "diff \"${PODS_PODFILE_DIR_PATH}/Podfile.lock\" \"${PODS_ROOT}/Manifest.lock\" > /dev/null\nif [ $? != 0 ] ; then\n    # print error to STDERR\n    echo \"error: The sandbox is not in sync with the Podfile.lock. Run 'pod install' or update your CocoaPods installation.\" >&2\n    exit 1\nfi\n# This output is used by Xcode 'outputs' to avoid re-running this script phase.\necho \"SUCCESS\" > \"${SCRIPT_OUTPUT_FILE_0}\"\n";
			showEnvVarsInLog = 0;
		};
		6FE1E1EF3C926A66D6883A0D /* [CP] Embed Pods Frameworks */ = {
			isa = PBXShellScriptBuildPhase;
			buildActionMask = 2147483647;
			files = (
			);
			inputFileListPaths = (
				"${PODS_ROOT}/Target Support Files/Pods-NCIT/Pods-NCIT-frameworks-${CONFIGURATION}-input-files.xcfilelist",
			);
			name = "[CP] Embed Pods Frameworks";
			outputFileListPaths = (
				"${PODS_ROOT}/Target Support Files/Pods-NCIT/Pods-NCIT-frameworks-${CONFIGURATION}-output-files.xcfilelist",
			);
			runOnlyForDeploymentPostprocessing = 0;
			shellPath = /bin/sh;
			shellScript = "\"${PODS_ROOT}/Target Support Files/Pods-NCIT/Pods-NCIT-frameworks.sh\"\n";
			showEnvVarsInLog = 0;
		};
		87F87CB540CE1FE97ED2DFEE /* [CP] Copy Pods Resources */ = {
			isa = PBXShellScriptBuildPhase;
			buildActionMask = 2147483647;
			files = (
			);
			inputFileListPaths = (
				"${PODS_ROOT}/Target Support Files/Pods-NCIT/Pods-NCIT-resources-${CONFIGURATION}-input-files.xcfilelist",
			);
			name = "[CP] Copy Pods Resources";
			outputFileListPaths = (
				"${PODS_ROOT}/Target Support Files/Pods-NCIT/Pods-NCIT-resources-${CONFIGURATION}-output-files.xcfilelist",
			);
			runOnlyForDeploymentPostprocessing = 0;
			shellPath = /bin/sh;
			shellScript = "\"${PODS_ROOT}/Target Support Files/Pods-NCIT/Pods-NCIT-resources.sh\"\n";
			showEnvVarsInLog = 0;
		};
/* End PBXShellScriptBuildPhase section */

/* Begin PBXSourcesBuildPhase section */
		9EA36900245DA32C00F635E0 /* Sources */ = {
			isa = PBXSourcesBuildPhase;
			buildActionMask = 2147483647;
			files = (
				9EA36925245DBC7000F635E0 /* SignUpViewController.swift in Sources */,
				9EA36908245DA32C00F635E0 /* AppDelegate.swift in Sources */,
				9EA3692D245DD35800F635E0 /* Utility.swift in Sources */,
				9EA36923245DBC3900F635E0 /* LoginViewController.swift in Sources */,
				9EA36929245DC2BB00F635E0 /* HomeViewController.swift in Sources */,
				9EA3691C245DAD6900F635E0 /* FirebaseHelper.swift in Sources */,
			);
			runOnlyForDeploymentPostprocessing = 0;
		};
/* End PBXSourcesBuildPhase section */

/* Begin PBXVariantGroup section */
		9EA36910245DA32E00F635E0 /* LaunchScreen.storyboard */ = {
			isa = PBXVariantGroup;
			children = (
				9EA36911245DA32E00F635E0 /* Base */,
			);
			name = LaunchScreen.storyboard;
			sourceTree = "<group>";
		};
/* End PBXVariantGroup section */

/* Begin XCBuildConfiguration section */
		9EA36914245DA32E00F635E0 /* Debug */ = {
			isa = XCBuildConfiguration;
			buildSettings = {
				ALWAYS_SEARCH_USER_PATHS = NO;
				CLANG_ANALYZER_NONNULL = YES;
				CLANG_ANALYZER_NUMBER_OBJECT_CONVERSION = YES_AGGRESSIVE;
				CLANG_CXX_LANGUAGE_STANDARD = "gnu++14";
				CLANG_CXX_LIBRARY = "libc++";
				CLANG_ENABLE_MODULES = YES;
				CLANG_ENABLE_OBJC_ARC = YES;
				CLANG_ENABLE_OBJC_WEAK = YES;
				CLANG_WARN_BLOCK_CAPTURE_AUTORELEASING = YES;
				CLANG_WARN_BOOL_CONVERSION = YES;
				CLANG_WARN_COMMA = YES;
				CLANG_WARN_CONSTANT_CONVERSION = YES;
				CLANG_WARN_DEPRECATED_OBJC_IMPLEMENTATIONS = YES;
				CLANG_WARN_DIRECT_OBJC_ISA_USAGE = YES_ERROR;
				CLANG_WARN_DOCUMENTATION_COMMENTS = YES;
				CLANG_WARN_EMPTY_BODY = YES;
				CLANG_WARN_ENUM_CONVERSION = YES;
				CLANG_WARN_INFINITE_RECURSION = YES;
				CLANG_WARN_INT_CONVERSION = YES;
				CLANG_WARN_NON_LITERAL_NULL_CONVERSION = YES;
				CLANG_WARN_OBJC_IMPLICIT_RETAIN_SELF = YES;
				CLANG_WARN_OBJC_LITERAL_CONVERSION = YES;
				CLANG_WARN_OBJC_ROOT_CLASS = YES_ERROR;
				CLANG_WARN_RANGE_LOOP_ANALYSIS = YES;
				CLANG_WARN_STRICT_PROTOTYPES = YES;
				CLANG_WARN_SUSPICIOUS_MOVE = YES;
				CLANG_WARN_UNGUARDED_AVAILABILITY = YES_AGGRESSIVE;
				CLANG_WARN_UNREACHABLE_CODE = YES;
				CLANG_WARN__DUPLICATE_METHOD_MATCH = YES;
				CODE_SIGN_IDENTITY = "iPhone Developer";
				COPY_PHASE_STRIP = NO;
				DEBUG_INFORMATION_FORMAT = dwarf;
				ENABLE_STRICT_OBJC_MSGSEND = YES;
				ENABLE_TESTABILITY = YES;
				GCC_C_LANGUAGE_STANDARD = gnu11;
				GCC_DYNAMIC_NO_PIC = NO;
				GCC_NO_COMMON_BLOCKS = YES;
				GCC_OPTIMIZATION_LEVEL = 0;
				GCC_PREPROCESSOR_DEFINITIONS = (
					"DEBUG=1",
					"$(inherited)",
				);
				GCC_WARN_64_TO_32_BIT_CONVERSION = YES;
				GCC_WARN_ABOUT_RETURN_TYPE = YES_ERROR;
				GCC_WARN_UNDECLARED_SELECTOR = YES;
				GCC_WARN_UNINITIALIZED_AUTOS = YES_AGGRESSIVE;
				GCC_WARN_UNUSED_FUNCTION = YES;
				GCC_WARN_UNUSED_VARIABLE = YES;
				IPHONEOS_DEPLOYMENT_TARGET = 12.1;
				MTL_ENABLE_DEBUG_INFO = INCLUDE_SOURCE;
				MTL_FAST_MATH = YES;
				ONLY_ACTIVE_ARCH = YES;
				SDKROOT = iphoneos;
				SWIFT_ACTIVE_COMPILATION_CONDITIONS = DEBUG;
				SWIFT_OPTIMIZATION_LEVEL = "-Onone";
			};
			name = Debug;
		};
		9EA36915245DA32E00F635E0 /* Release */ = {
			isa = XCBuildConfiguration;
			buildSettings = {
				ALWAYS_SEARCH_USER_PATHS = NO;
				CLANG_ANALYZER_NONNULL = YES;
				CLANG_ANALYZER_NUMBER_OBJECT_CONVERSION = YES_AGGRESSIVE;
				CLANG_CXX_LANGUAGE_STANDARD = "gnu++14";
				CLANG_CXX_LIBRARY = "libc++";
				CLANG_ENABLE_MODULES = YES;
				CLANG_ENABLE_OBJC_ARC = YES;
				CLANG_ENABLE_OBJC_WEAK = YES;
				CLANG_WARN_BLOCK_CAPTURE_AUTORELEASING = YES;
				CLANG_WARN_BOOL_CONVERSION = YES;
				CLANG_WARN_COMMA = YES;
				CLANG_WARN_CONSTANT_CONVERSION = YES;
				CLANG_WARN_DEPRECATED_OBJC_IMPLEMENTATIONS = YES;
				CLANG_WARN_DIRECT_OBJC_ISA_USAGE = YES_ERROR;
				CLANG_WARN_DOCUMENTATION_COMMENTS = YES;
				CLANG_WARN_EMPTY_BODY = YES;
				CLANG_WARN_ENUM_CONVERSION = YES;
				CLANG_WARN_INFINITE_RECURSION = YES;
				CLANG_WARN_INT_CONVERSION = YES;
				CLANG_WARN_NON_LITERAL_NULL_CONVERSION = YES;
				CLANG_WARN_OBJC_IMPLICIT_RETAIN_SELF = YES;
				CLANG_WARN_OBJC_LITERAL_CONVERSION = YES;
				CLANG_WARN_OBJC_ROOT_CLASS = YES_ERROR;
				CLANG_WARN_RANGE_LOOP_ANALYSIS = YES;
				CLANG_WARN_STRICT_PROTOTYPES = YES;
				CLANG_WARN_SUSPICIOUS_MOVE = YES;
				CLANG_WARN_UNGUARDED_AVAILABILITY = YES_AGGRESSIVE;
				CLANG_WARN_UNREACHABLE_CODE = YES;
				CLANG_WARN__DUPLICATE_METHOD_MATCH = YES;
				CODE_SIGN_IDENTITY = "iPhone Developer";
				COPY_PHASE_STRIP = NO;
				DEBUG_INFORMATION_FORMAT = "dwarf-with-dsym";
				ENABLE_NS_ASSERTIONS = NO;
				ENABLE_STRICT_OBJC_MSGSEND = YES;
				GCC_C_LANGUAGE_STANDARD = gnu11;
				GCC_NO_COMMON_BLOCKS = YES;
				GCC_WARN_64_TO_32_BIT_CONVERSION = YES;
				GCC_WARN_ABOUT_RETURN_TYPE = YES_ERROR;
				GCC_WARN_UNDECLARED_SELECTOR = YES;
				GCC_WARN_UNINITIALIZED_AUTOS = YES_AGGRESSIVE;
				GCC_WARN_UNUSED_FUNCTION = YES;
				GCC_WARN_UNUSED_VARIABLE = YES;
				IPHONEOS_DEPLOYMENT_TARGET = 12.1;
				MTL_ENABLE_DEBUG_INFO = NO;
				MTL_FAST_MATH = YES;
				SDKROOT = iphoneos;
				SWIFT_COMPILATION_MODE = wholemodule;
				SWIFT_OPTIMIZATION_LEVEL = "-O";
				VALIDATE_PRODUCT = YES;
			};
			name = Release;
		};
		9EA36917245DA32E00F635E0 /* Debug */ = {
			isa = XCBuildConfiguration;
			baseConfigurationReference = 21862E5FD1E3F7F3F4145DE2 /* Pods-NCIT.debug.xcconfig */;
			buildSettings = {
				ASSETCATALOG_COMPILER_APPICON_NAME = AppIcon;
				CODE_SIGN_STYLE = Automatic;
				INFOPLIST_FILE = NCIT/Info.plist;
				LD_RUNPATH_SEARCH_PATHS = (
					"$(inherited)",
					"@executable_path/Frameworks",
				);
				PRODUCT_BUNDLE_IDENTIFIER = com.me.NCIT;
				PRODUCT_NAME = "$(TARGET_NAME)";
				SWIFT_VERSION = 4.2;
				TARGETED_DEVICE_FAMILY = "1,2";
			};
			name = Debug;
		};
		9EA36918245DA32E00F635E0 /* Release */ = {
			isa = XCBuildConfiguration;
			baseConfigurationReference = E6187CD16B679B5D900BE149 /* Pods-NCIT.release.xcconfig */;
			buildSettings = {
				ASSETCATALOG_COMPILER_APPICON_NAME = AppIcon;
				CODE_SIGN_STYLE = Automatic;
				INFOPLIST_FILE = NCIT/Info.plist;
				LD_RUNPATH_SEARCH_PATHS = (
					"$(inherited)",
					"@executable_path/Frameworks",
				);
				PRODUCT_BUNDLE_IDENTIFIER = com.me.NCIT;
				PRODUCT_NAME = "$(TARGET_NAME)";
				SWIFT_VERSION = 4.2;
				TARGETED_DEVICE_FAMILY = "1,2";
			};
			name = Release;
		};
/* End XCBuildConfiguration section */

/* Begin XCConfigurationList section */
		9EA368FF245DA32C00F635E0 /* Build configuration list for PBXProject "NCIT" */ = {
			isa = XCConfigurationList;
			buildConfigurations = (
				9EA36914245DA32E00F635E0 /* Debug */,
				9EA36915245DA32E00F635E0 /* Release */,
			);
			defaultConfigurationIsVisible = 0;
			defaultConfigurationName = Release;
		};
		9EA36916245DA32E00F635E0 /* Build configuration list for PBXNativeTarget "NCIT" */ = {
			isa = XCConfigurationList;
			buildConfigurations = (
				9EA36917245DA32E00F635E0 /* Debug */,
				9EA36918245DA32E00F635E0 /* Release */,
			);
			defaultConfigurationIsVisible = 0;
			defaultConfigurationName = Release;
		};
/* End XCConfigurationList section */
	};
	rootObject = 9EA368FC245DA32C00F635E0 /* Project object */;
}
